// !$*UTF8*$!
{
	archiveVersion = 1;
	classes = {
	};
	objectVersion = 46;
	objects = {

/* Begin PBXBuildFile section */
		8467C5E71B840B4600F2BB20 /* main.m in Sources */ = {isa = PBXBuildFile; fileRef = 8467C5E61B840B4600F2BB20 /* main.m */; };
		8467C5EA1B840B4600F2BB20 /* AppDelegate.m in Sources */ = {isa = PBXBuildFile; fileRef = 8467C5E91B840B4600F2BB20 /* AppDelegate.m */; };
		8467C5ED1B840B4600F2BB20 /* NVTableViewController.m in Sources */ = {isa = PBXBuildFile; fileRef = 8467C5EC1B840B4600F2BB20 /* NVTableViewController.m */; };
		8467C5F01B840B4600F2BB20 /* Main.storyboard in Resources */ = {isa = PBXBuildFile; fileRef = 8467C5EE1B840B4600F2BB20 /* Main.storyboard */; };
		8467C5F21B840B4600F2BB20 /* Images.xcassets in Resources */ = {isa = PBXBuildFile; fileRef = 8467C5F11B840B4600F2BB20 /* Images.xcassets */; };
		8467C5F51B840B4600F2BB20 /* LaunchScreen.xib in Resources */ = {isa = PBXBuildFile; fileRef = 8467C5F31B840B4600F2BB20 /* LaunchScreen.xib */; };
		8467C6011B840B4600F2BB20 /* _6__UIPopoverTests.m in Sources */ = {isa = PBXBuildFile; fileRef = 8467C6001B840B4600F2BB20 /* _6__UIPopoverTests.m */; };
/* End PBXBuildFile section */

/* Begin PBXContainerItemProxy section */
		8467C5FB1B840B4600F2BB20 /* PBXContainerItemProxy */ = {
			isa = PBXContainerItemProxy;
			containerPortal = 8467C5D91B840B4500F2BB20 /* Project object */;
			proxyType = 1;
			remoteGlobalIDString = 8467C5E01B840B4500F2BB20;
			remoteInfo = "36. UIPopover";
		};
/* End PBXContainerItemProxy section */

/* Begin PBXFileReference section */
		8467C5E11B840B4600F2BB20 /* 36. UIPopover.app */ = {isa = PBXFileReference; explicitFileType = wrapper.application; includeInIndex = 0; path = "36. UIPopover.app"; sourceTree = BUILT_PRODUCTS_DIR; };
		8467C5E51B840B4600F2BB20 /* Info.plist */ = {isa = PBXFileReference; lastKnownFileType = text.plist.xml; path = Info.plist; sourceTree = "<group>"; };
		8467C5E61B840B4600F2BB20 /* main.m */ = {isa = PBXFileReference; lastKnownFileType = sourcecode.c.objc; path = main.m; sourceTree = "<group>"; };
		8467C5E81B840B4600F2BB20 /* AppDelegate.h */ = {isa = PBXFileReference; lastKnownFileType = sourcecode.c.h; path = AppDelegate.h; sourceTree = "<group>"; };
		8467C5E91B840B4600F2BB20 /* AppDelegate.m */ = {isa = PBXFileReference; lastKnownFileType = sourcecode.c.objc; path = AppDelegate.m; sourceTree = "<group>"; };
		8467C5EB1B840B4600F2BB20 /* NVTableViewController.h */ = {isa = PBXFileReference; lastKnownFileType = sourcecode.c.h; path = NVTableViewController.h; sourceTree = "<group>"; };
		8467C5EC1B840B4600F2BB20 /* NVTableViewController.m */ = {isa = PBXFileReference; lastKnownFileType = sourcecode.c.objc; path = NVTableViewController.m; sourceTree = "<group>"; };
		8467C5EF1B840B4600F2BB20 /* Base */ = {isa = PBXFileReference; lastKnownFileType = file.storyboard; name = Base; path = Base.lproj/Main.storyboard; sourceTree = "<group>"; };
		8467C5F11B840B4600F2BB20 /* Images.xcassets */ = {isa = PBXFileReference; lastKnownFileType = folder.assetcatalog; path = Images.xcassets; sourceTree = "<group>"; };
		8467C5F41B840B4600F2BB20 /* Base */ = {isa = PBXFileReference; lastKnownFileType = file.xib; name = Base; path = Base.lproj/LaunchScreen.xib; sourceTree = "<group>"; };
		8467C5FA1B840B4600F2BB20 /* 36. UIPopoverTests.xctest */ = {isa = PBXFileReference; explicitFileType = wrapper.cfbundle; includeInIndex = 0; path = "36. UIPopoverTests.xctest"; sourceTree = BUILT_PRODUCTS_DIR; };
		8467C5FF1B840B4600F2BB20 /* Info.plist */ = {isa = PBXFileReference; lastKnownFileType = text.plist.xml; path = Info.plist; sourceTree = "<group>"; };
		8467C6001B840B4600F2BB20 /* _6__UIPopoverTests.m */ = {isa = PBXFileReference; lastKnownFileType = sourcecode.c.objc; path = _6__UIPopoverTests.m; sourceTree = "<group>"; };
/* End PBXFileReference section */

/* Begin PBXFrameworksBuildPhase section */
		8467C5DE1B840B4500F2BB20 /* Frameworks */ = {
			isa = PBXFrameworksBuildPhase;
			buildActionMask = 2147483647;
			files = (
			);
			runOnlyForDeploymentPostprocessing = 0;
		};
		8467C5F71B840B4600F2BB20 /* Frameworks */ = {
			isa = PBXFrameworksBuildPhase;
			buildActionMask = 2147483647;
			files = (
			);
			runOnlyForDeploymentPostprocessing = 0;
		};
/* End PBXFrameworksBuildPhase section */

/* Begin PBXGroup section */
		8467C5D81B840B4500F2BB20 = {
			isa = PBXGroup;
			children = (
				8467C5E31B840B4600F2BB20 /* 36. UIPopover */,
				8467C5FD1B840B4600F2BB20 /* 36. UIPopoverTests */,
				8467C5E21B840B4600F2BB20 /* Products */,
			);
			sourceTree = "<group>";
		};
		8467C5E21B840B4600F2BB20 /* Products */ = {
			isa = PBXGroup;
			children = (
				8467C5E11B840B4600F2BB20 /* 36. UIPopover.app */,
				8467C5FA1B840B4600F2BB20 /* 36. UIPopoverTests.xctest */,
			);
			name = Products;
			sourceTree = "<group>";
		};
		8467C5E31B840B4600F2BB20 /* 36. UIPopover */ = {
			isa = PBXGroup;
			children = (
				8467C5E81B840B4600F2BB20 /* AppDelegate.h */,
				8467C5E91B840B4600F2BB20 /* AppDelegate.m */,
				8467C5EB1B840B4600F2BB20 /* NVTableViewController.h */,
				8467C5EC1B840B4600F2BB20 /* NVTableViewController.m */,
				8467C5EE1B840B4600F2BB20 /* Main.storyboard */,
				8467C5F11B840B4600F2BB20 /* Images.xcassets */,
				8467C5F31B840B4600F2BB20 /* LaunchScreen.xib */,
				8467C5E41B840B4600F2BB20 /* Supporting Files */,
			);
			path = "36. UIPopover";
			sourceTree = "<group>";
		};
		8467C5E41B840B4600F2BB20 /* Supporting Files */ = {
			isa = PBXGroup;
			children = (
				8467C5E51B840B4600F2BB20 /* Info.plist */,
				8467C5E61B840B4600F2BB20 /* main.m */,
			);
			name = "Supporting Files";
			sourceTree = "<group>";
		};
		8467C5FD1B840B4600F2BB20 /* 36. UIPopoverTests */ = {
			isa = PBXGroup;
			children = (
				8467C6001B840B4600F2BB20 /* _6__UIPopoverTests.m */,
				8467C5FE1B840B4600F2BB20 /* Supporting Files */,
			);
			path = "36. UIPopoverTests";
			sourceTree = "<group>";
		};
		8467C5FE1B840B4600F2BB20 /* Supporting Files */ = {
			isa = PBXGroup;
			children = (
				8467C5FF1B840B4600F2BB20 /* Info.plist */,
			);
			name = "Supporting Files";
			sourceTree = "<group>";
		};
/* End PBXGroup section */

/* Begin PBXNativeTarget section */
		8467C5E01B840B4500F2BB20 /* 36. UIPopover */ = {
			isa = PBXNativeTarget;
			buildConfigurationList = 8467C6041B840B4600F2BB20 /* Build configuration list for PBXNativeTarget "36. UIPopover" */;
			buildPhases = (
				8467C5DD1B840B4500F2BB20 /* Sources */,
				8467C5DE1B840B4500F2BB20 /* Frameworks */,
				8467C5DF1B840B4500F2BB20 /* Resources */,
			);
			buildRules = (
			);
			dependencies = (
			);
			name = "36. UIPopover";
			productName = "36. UIPopover";
			productReference = 8467C5E11B840B4600F2BB20 /* 36. UIPopover.app */;
			productType = "com.apple.product-type.application";
		};
		8467C5F91B840B4600F2BB20 /* 36. UIPopoverTests */ = {
			isa = PBXNativeTarget;
			buildConfigurationList = 8467C6071B840B4600F2BB20 /* Build configuration list for PBXNativeTarget "36. UIPopoverTests" */;
			buildPhases = (
				8467C5F61B840B4600F2BB20 /* Sources */,
				8467C5F71B840B4600F2BB20 /* Frameworks */,
				8467C5F81B840B4600F2BB20 /* Resources */,
			);
			buildRules = (
			);
			dependencies = (
				8467C5FC1B840B4600F2BB20 /* PBXTargetDependency */,
			);
			name = "36. UIPopoverTests";
			productName = "36. UIPopoverTests";
			productReference = 8467C5FA1B840B4600F2BB20 /* 36. UIPopoverTests.xctest */;
			productType = "com.apple.product-type.bundle.unit-test";
		};
/* End PBXNativeTarget section */

/* Begin PBXProject section */
		8467C5D91B840B4500F2BB20 /* Project object */ = {
			isa = PBXProject;
			attributes = {
				LastUpgradeCheck = 0640;
				ORGANIZATIONNAME = Admin;
				TargetAttributes = {
					8467C5E01B840B4500F2BB20 = {
						CreatedOnToolsVersion = 6.4;
					};
					8467C5F91B840B4600F2BB20 = {
						CreatedOnToolsVersion = 6.4;
						TestTargetID = 8467C5E01B840B4500F2BB20;
					};
				};
			};
			buildConfigurationList = 8467C5DC1B840B4500F2BB20 /* Build configuration list for PBXProject "36. UIPopover" */;
			compatibilityVersion = "Xcode 3.2";
			developmentRegion = English;
			hasScannedForEncodings = 0;
			knownRegions = (
				en,
				Base,
			);
			mainGroup = 8467C5D81B840B4500F2BB20;
			productRefGroup = 8467C5E21B840B4600F2BB20 /* Products */;
			projectDirPath = "";
			projectRoot = "";
			targets = (
				8467C5E01B840B4500F2BB20 /* 36. UIPopover */,
				8467C5F91B840B4600F2BB20 /* 36. UIPopoverTests */,
			);
		};
/* End PBXProject section */

/* Begin PBXResourcesBuildPhase section */
		8467C5DF1B840B4500F2BB20 /* Resources */ = {
			isa = PBXResourcesBuildPhase;
			buildActionMask = 2147483647;
			files = (
				8467C5F01B840B4600F2BB20 /* Main.storyboard in Resources */,
				8467C5F51B840B4600F2BB20 /* LaunchScreen.xib in Resources */,
				8467C5F21B840B4600F2BB20 /* Images.xcassets in Resources */,
			);
			runOnlyForDeploymentPostprocessing = 0;
		};
		8467C5F81B840B4600F2BB20 /* Resources */ = {
			isa = PBXResourcesBuildPhase;
			buildActionMask = 2147483647;
			files = (
			);
			runOnlyForDeploymentPostprocessing = 0;
		};
/* End PBXResourcesBuildPhase section */

/* Begin PBXSourcesBuildPhase section */
		8467C5DD1B840B4500F2BB20 /* Sources */ = {
			isa = PBXSourcesBuildPhase;
			buildActionMask = 2147483647;
			files = (
				8467C5ED1B840B4600F2BB20 /* NVTableViewController.m in Sources */,
				8467C5EA1B840B4600F2BB20 /* AppDelegate.m in Sources */,
				8467C5E71B840B4600F2BB20 /* main.m in Sources */,
			);
			runOnlyForDeploymentPostprocessing = 0;
		};
		8467C5F61B840B4600F2BB20 /* Sources */ = {
			isa = PBXSourcesBuildPhase;
			buildActionMask = 2147483647;
			files = (
				8467C6011B840B4600F2BB20 /* _6__UIPopoverTests.m in Sources */,
			);
			runOnlyForDeploymentPostprocessing = 0;
		};
/* End PBXSourcesBuildPhase section */

/* Begin PBXTargetDependency section */
		8467C5FC1B840B4600F2BB20 /* PBXTargetDependency */ = {
			isa = PBXTargetDependency;
			target = 8467C5E01B840B4500F2BB20 /* 36. UIPopover */;
			targetProxy = 8467C5FB1B840B4600F2BB20 /* PBXContainerItemProxy */;
		};
/* End PBXTargetDependency section */

/* Begin PBXVariantGroup section */
		8467C5EE1B840B4600F2BB20 /* Main.storyboard */ = {
			isa = PBXVariantGroup;
			children = (
				8467C5EF1B840B4600F2BB20 /* Base */,
			);
			name = Main.storyboard;
			sourceTree = "<group>";
		};
		8467C5F31B840B4600F2BB20 /* LaunchScreen.xib */ = {
			isa = PBXVariantGroup;
			children = (
				8467C5F41B840B4600F2BB20 /* Base */,
			);
			name = LaunchScreen.xib;
			sourceTree = "<group>";
		};
/* End PBXVariantGroup section */

/* Begin XCBuildConfiguration section */
		8467C6021B840B4600F2BB20 /* Debug */ = {
			isa = XCBuildConfiguration;
			buildSettings = {
				ALWAYS_SEARCH_USER_PATHS = NO;
				CLANG_CXX_LANGUAGE_STANDARD = "gnu++0x";
				CLANG_CXX_LIBRARY = "libc++";
				CLANG_ENABLE_MODULES = YES;
				CLANG_ENABLE_OBJC_ARC = YES;
				CLANG_WARN_BOOL_CONVERSION = YES;
				CLANG_WARN_CONSTANT_CONVERSION = YES;
				CLANG_WARN_DIRECT_OBJC_ISA_USAGE = YES_ERROR;
				CLANG_WARN_EMPTY_BODY = YES;
				CLANG_WARN_ENUM_CONVERSION = YES;
				CLANG_WARN_INT_CONVERSION = YES;
				CLANG_WARN_OBJC_ROOT_CLASS = YES_ERROR;
				CLANG_WARN_UNREACHABLE_CODE = YES;
				CLANG_WARN__DUPLICATE_METHOD_MATCH = YES;
				"CODE_SIGN_IDENTITY[sdk=iphoneos*]" = "iPhone Developer";
				COPY_PHASE_STRIP = NO;
				DEBUG_INFORMATION_FORMAT = "dwarf-with-dsym";
				ENABLE_STRICT_OBJC_MSGSEND = YES;
				GCC_C_LANGUAGE_STANDARD = gnu99;
				GCC_DYNAMIC_NO_PIC = NO;
				GCC_NO_COMMON_BLOCKS = YES;
				GCC_OPTIMIZATION_LEVEL = 0;
				GCC_PREPROCESSOR_DEFINITIONS = (
					"DEBUG=1",
					"$(inherited)",
				);
				GCC_SYMBOLS_PRIVATE_EXTERN = NO;
				GCC_WARN_64_TO_32_BIT_CONVERSION = YES;
				GCC_WARN_ABOUT_RETURN_TYPE = YES_ERROR;
				GCC_WARN_UNDECLARED_SELECTOR = YES;
				GCC_WARN_UNINITIALIZED_AUTOS = YES_AGGRESSIVE;
				GCC_WARN_UNUSED_FUNCTION = YES;
				GCC_WARN_UNUSED_VARIABLE = YES;
				IPHONEOS_DEPLOYMENT_TARGET = 8.4;
				MTL_ENABLE_DEBUG_INFO = YES;
				ONLY_ACTIVE_ARCH = YES;
				SDKROOT = iphoneos;
				TARGETED_DEVICE_FAMILY = "1,2";
			};
			name = Debug;
		};
		8467C6031B840B4600F2BB20 /* Release */ = {
			isa = XCBuildConfiguration;
			buildSettings = {
				ALWAYS_SEARCH_USER_PATHS = NO;
				CLANG_CXX_LANGUAGE_STANDARD = "gnu++0x";
				CLANG_CXX_LIBRARY = "libc++";
				CLANG_ENABLE_MODULES = YES;
				CLANG_ENABLE_OBJC_ARC = YES;
				CLANG_WARN_BOOL_CONVERSION = YES;
				CLANG_WARN_CONSTANT_CONVERSION = YES;
				CLANG_WARN_DIRECT_OBJC_ISA_USAGE = YES_ERROR;
				CLANG_WARN_EMPTY_BODY = YES;
				CLANG_WARN_ENUM_CONVERSION = YES;
				CLANG_WARN_INT_CONVERSION = YES;
				CLANG_WARN_OBJC_ROOT_CLASS = YES_ERROR;
				CLANG_WARN_UNREACHABLE_CODE = YES;
				CLANG_WARN__DUPLICATE_METHOD_MATCH = YES;
				"CODE_SIGN_IDENTITY[sdk=iphoneos*]" = "iPhone Developer";
				COPY_PHASE_STRIP = NO;
				DEBUG_INFORMATION_FORMAT = "dwarf-with-dsym";
				ENABLE_NS_ASSERTIONS = NO;
				ENABLE_STRICT_OBJC_MSGSEND = YES;
				GCC_C_LANGUAGE_STANDARD = gnu99;
				GCC_NO_COMMON_BLOCKS = YES;
				GCC_WARN_64_TO_32_BIT_CONVERSION = YES;
				GCC_WARN_ABOUT_RETURN_TYPE = YES_ERROR;
				GCC_WARN_UNDECLARED_SELECTOR = YES;
				GCC_WARN_UNINITIALIZED_AUTOS = YES_AGGRESSIVE;
				GCC_WARN_UNUSED_FUNCTION = YES;
				GCC_WARN_UNUSED_VARIABLE = YES;
				IPHONEOS_DEPLOYMENT_TARGET = 8.4;
				MTL_ENABLE_DEBUG_INFO = NO;
				SDKROOT = iphoneos;
				TARGETED_DEVICE_FAMILY = "1,2";
				VALIDATE_PRODUCT = YES;
			};
			name = Release;
		};
		8467C6051B840B4600F2BB20 /* Debug */ = {
			isa = XCBuildConfiguration;
			buildSettings = {
				ASSETCATALOG_COMPILER_APPICON_NAME = AppIcon;
				INFOPLIST_FILE = "36. UIPopover/Info.plist";
				LD_RUNPATH_SEARCH_PATHS = "$(inherited) @executable_path/Frameworks";
				PRODUCT_NAME = "$(TARGET_NAME)";
			};
			name = Debug;
		};
		8467C6061B840B4600F2BB20 /* Release */ = {
			isa = XCBuildConfiguration;
			buildSettings = {
				ASSETCATALOG_COMPILER_APPICON_NAME = AppIcon;
				INFOPLIST_FILE = "36. UIPopover/Info.plist";
				LD_RUNPATH_SEARCH_PATHS = "$(inherited) @executable_path/Frameworks";
				PRODUCT_NAME = "$(TARGET_NAME)";
			};
			name = Release;
		};
		8467C6081B840B4600F2BB20 /* Debug */ = {
			isa = XCBuildConfiguration;
			buildSettings = {
				BUNDLE_LOADER = "$(TEST_HOST)";
				FRAMEWORK_SEARCH_PATHS = (
					"$(SDKROOT)/Developer/Library/Frameworks",
					"$(inherited)",
				);
				GCC_PREPROCESSOR_DEFINITIONS = (
					"DEBUG=1",
					"$(inherited)",
				);
				INFOPLIST_FILE = "36. UIPopoverTests/Info.plist";
				LD_RUNPATH_SEARCH_PATHS = "$(inherited) @executable_path/Frameworks @loader_path/Frameworks";
				PRODUCT_NAME = "$(TARGET_NAME)";
				TEST_HOST = "$(BUILT_PRODUCTS_DIR)/36. UIPopover.app/36. UIPopover";
			};
			name = Debug;
		};
		8467C6091B840B4600F2BB20 /* Release */ = {
			isa = XCBuildConfiguration;
			buildSettings = {
				BUNDLE_LOADER = "$(TEST_HOST)";
				FRAMEWORK_SEARCH_PATHS = (
					"$(SDKROOT)/Developer/Library/Frameworks",
					"$(inherited)",
				);
				INFOPLIST_FILE = "36. UIPopoverTests/Info.plist";
				LD_RUNPATH_SEARCH_PATHS = "$(inherited) @executable_path/Frameworks @loader_path/Frameworks";
				PRODUCT_NAME = "$(TARGET_NAME)";
				TEST_HOST = "$(BUILT_PRODUCTS_DIR)/36. UIPopover.app/36. UIPopover";
			};
			name = Release;
		};
/* End XCBuildConfiguration section */

/* Begin XCConfigurationList section */
		8467C5DC1B840B4500F2BB20 /* Build configuration list for PBXProject "36. UIPopover" */ = {
			isa = XCConfigurationList;
			buildConfigurations = (
				8467C6021B840B4600F2BB20 /* Debug */,
				8467C6031B840B4600F2BB20 /* Release */,
			);
			defaultConfigurationIsVisible = 0;
			defaultConfigurationName = Release;
		};
		8467C6041B840B4600F2BB20 /* Build configuration list for PBXNativeTarget "36. UIPopover" */ = {
			isa = XCConfigurationList;
			buildConfigurations = (
				8467C6051B840B4600F2BB20 /* Debug */,
				8467C6061B840B4600F2BB20 /* Release */,
			);
			defaultConfigurationIsVisible = 0;
		};
		8467C6071B840B4600F2BB20 /* Build configuration list for PBXNativeTarget "36. UIPopoverTests" */ = {
			isa = XCConfigurationList;
			buildConfigurations = (
				8467C6081B840B4600F2BB20 /* Debug */,
				8467C6091B840B4600F2BB20 /* Release */,
			);
			defaultConfigurationIsVisible = 0;
		};
/* End XCConfigurationList section */
	};
	rootObject = 8467C5D91B840B4500F2BB20 /* Project object */;
}
